
Microsoft Visual Studio Solution File, Format Version 12.00
# Visual Studio Version 17
VisualStudioVersion = 17.0.31919.166
MinimumVisualStudioVersion = 10.0.40219.1
Project("{FAE04EC0-301F-11D3-BF4B-00C04F79EFBC}") = "Semestr1_Lekcja8", "Semestr1_Lekcja8\Semestr1_Lekcja8.csproj", "{B4DC21B9-1024-4A52-BF6B-209ABCA73599}"
EndProject
Project("{FAE04EC0-301F-11D3-BF4B-00C04F79EFBC}") = "Ćwiczenie1", "Ćwiczenie1\Ćwiczenie1.csproj", "{C1653498-0A51-4318-84EF-267C44F69316}"
EndProject
Global
	GlobalSection(SolutionConfigurationPlatforms) = preSolution
		Debug|Any CPU = Debug|Any CPU
		Release|Any CPU = Release|Any CPU
	EndGlobalSection
	GlobalSection(ProjectConfigurationPlatforms) = postSolution
		{B4DC21B9-1024-4A52-BF6B-209ABCA73599}.Debug|Any CPU.ActiveCfg = Debug|Any CPU
		{B4DC21B9-1024-4A52-BF6B-209ABCA73599}.Debug|Any CPU.Build.0 = Debug|Any CPU
		{B4DC21B9-1024-4A52-BF6B-209ABCA73599}.Release|Any CPU.ActiveCfg = Release|Any CPU
		{B4DC21B9-1024-4A52-BF6B-209ABCA73599}.Release|Any CPU.Build.0 = Release|Any CPU
		{C1653498-0A51-4318-84EF-267C44F69316}.Debug|Any CPU.ActiveCfg = Debug|Any CPU
		{C1653498-0A51-4318-84EF-267C44F69316}.Debug|Any CPU.Build.0 = Debug|Any CPU
		{C1653498-0A51-4318-84EF-267C44F69316}.Release|Any CPU.ActiveCfg = Release|Any CPU
		{C1653498-0A51-4318-84EF-267C44F69316}.Release|Any CPU.Build.0 = Release|Any CPU
	EndGlobalSection
	GlobalSection(SolutionProperties) = preSolution
		HideSolutionNode = FALSE
	EndGlobalSection
	GlobalSection(ExtensibilityGlobals) = postSolution
		SolutionGuid = {2A9DEB73-2CB7-4149-99E6-75674DB7DD67}
	EndGlobalSection
EndGlobal
